// !$*UTF8*$!
{
	archiveVersion = 1;
	classes = {
	};
	objectVersion = 56;
	objects = {

/* Begin PBXBuildFile section */
		F60E845A2A528B980045D1CF /* StreetPorformanceApp.swift in Sources */ = {isa = PBXBuildFile; fileRef = F60E84592A528B980045D1CF /* StreetPorformanceApp.swift */; };
		F60E845C2A528B980045D1CF /* ContentView.swift in Sources */ = {isa = PBXBuildFile; fileRef = F60E845B2A528B980045D1CF /* ContentView.swift */; };
		F60E845E2A528B990045D1CF /* Assets.xcassets in Resources */ = {isa = PBXBuildFile; fileRef = F60E845D2A528B990045D1CF /* Assets.xcassets */; };
		F60E84612A528B990045D1CF /* Preview Assets.xcassets in Resources */ = {isa = PBXBuildFile; fileRef = F60E84602A528B990045D1CF /* Preview Assets.xcassets */; };
		F60E846B2A528B990045D1CF /* StreetPorformanceTests.swift in Sources */ = {isa = PBXBuildFile; fileRef = F60E846A2A528B990045D1CF /* StreetPorformanceTests.swift */; };
		F60E84752A528B990045D1CF /* StreetPorformanceUITests.swift in Sources */ = {isa = PBXBuildFile; fileRef = F60E84742A528B990045D1CF /* StreetPorformanceUITests.swift */; };
		F60E84772A528B990045D1CF /* StreetPorformanceUITestsLaunchTests.swift in Sources */ = {isa = PBXBuildFile; fileRef = F60E84762A528B990045D1CF /* StreetPorformanceUITestsLaunchTests.swift */; };
		F60E84872A528BF90045D1CF /* mainPage.swift in Sources */ = {isa = PBXBuildFile; fileRef = F60E84862A528BF90045D1CF /* mainPage.swift */; };
		F60E84892A528CF80045D1CF /* localMap.swift in Sources */ = {isa = PBXBuildFile; fileRef = F60E84882A528CF80045D1CF /* localMap.swift */; };
		F60E848B2A528D450045D1CF /* gpsCheck.swift in Sources */ = {isa = PBXBuildFile; fileRef = F60E848A2A528D450045D1CF /* gpsCheck.swift */; };
/* End PBXBuildFile section */

/* Begin PBXContainerItemProxy section */
		F60E84672A528B990045D1CF /* PBXContainerItemProxy */ = {
			isa = PBXContainerItemProxy;
			containerPortal = F60E844E2A528B980045D1CF /* Project object */;
			proxyType = 1;
			remoteGlobalIDString = F60E84552A528B980045D1CF;
			remoteInfo = StreetPorformance;
		};
		F60E84712A528B990045D1CF /* PBXContainerItemProxy */ = {
			isa = PBXContainerItemProxy;
			containerPortal = F60E844E2A528B980045D1CF /* Project object */;
			proxyType = 1;
			remoteGlobalIDString = F60E84552A528B980045D1CF;
			remoteInfo = StreetPorformance;
		};
/* End PBXContainerItemProxy section */

/* Begin PBXFileReference section */
		F60E84562A528B980045D1CF /* StreetPorformance.app */ = {isa = PBXFileReference; explicitFileType = wrapper.application; includeInIndex = 0; path = StreetPorformance.app; sourceTree = BUILT_PRODUCTS_DIR; };
		F60E84592A528B980045D1CF /* StreetPorformanceApp.swift */ = {isa = PBXFileReference; lastKnownFileType = sourcecode.swift; path = StreetPorformanceApp.swift; sourceTree = "<group>"; };
		F60E845B2A528B980045D1CF /* ContentView.swift */ = {isa = PBXFileReference; lastKnownFileType = sourcecode.swift; path = ContentView.swift; sourceTree = "<group>"; };
		F60E845D2A528B990045D1CF /* Assets.xcassets */ = {isa = PBXFileReference; lastKnownFileType = folder.assetcatalog; path = Assets.xcassets; sourceTree = "<group>"; };
		F60E84602A528B990045D1CF /* Preview Assets.xcassets */ = {isa = PBXFileReference; lastKnownFileType = folder.assetcatalog; path = "Preview Assets.xcassets"; sourceTree = "<group>"; };
		F60E84662A528B990045D1CF /* StreetPorformanceTests.xctest */ = {isa = PBXFileReference; explicitFileType = wrapper.cfbundle; includeInIndex = 0; path = StreetPorformanceTests.xctest; sourceTree = BUILT_PRODUCTS_DIR; };
		F60E846A2A528B990045D1CF /* StreetPorformanceTests.swift */ = {isa = PBXFileReference; lastKnownFileType = sourcecode.swift; path = StreetPorformanceTests.swift; sourceTree = "<group>"; };
		F60E84702A528B990045D1CF /* StreetPorformanceUITests.xctest */ = {isa = PBXFileReference; explicitFileType = wrapper.cfbundle; includeInIndex = 0; path = StreetPorformanceUITests.xctest; sourceTree = BUILT_PRODUCTS_DIR; };
		F60E84742A528B990045D1CF /* StreetPorformanceUITests.swift */ = {isa = PBXFileReference; lastKnownFileType = sourcecode.swift; path = StreetPorformanceUITests.swift; sourceTree = "<group>"; };
		F60E84762A528B990045D1CF /* StreetPorformanceUITestsLaunchTests.swift */ = {isa = PBXFileReference; lastKnownFileType = sourcecode.swift; path = StreetPorformanceUITestsLaunchTests.swift; sourceTree = "<group>"; };
		F60E84862A528BF90045D1CF /* mainPage.swift */ = {isa = PBXFileReference; lastKnownFileType = sourcecode.swift; path = mainPage.swift; sourceTree = "<group>"; };
		F60E84882A528CF80045D1CF /* localMap.swift */ = {isa = PBXFileReference; lastKnownFileType = sourcecode.swift; path = localMap.swift; sourceTree = "<group>"; };
		F60E848A2A528D450045D1CF /* gpsCheck.swift */ = {isa = PBXFileReference; lastKnownFileType = sourcecode.swift; path = gpsCheck.swift; sourceTree = "<group>"; };
/* End PBXFileReference section */

/* Begin PBXFrameworksBuildPhase section */
		F60E84532A528B980045D1CF /* Frameworks */ = {
			isa = PBXFrameworksBuildPhase;
			buildActionMask = 2147483647;
			files = (
			);
			runOnlyForDeploymentPostprocessing = 0;
		};
		F60E84632A528B990045D1CF /* Frameworks */ = {
			isa = PBXFrameworksBuildPhase;
			buildActionMask = 2147483647;
			files = (
			);
			runOnlyForDeploymentPostprocessing = 0;
		};
		F60E846D2A528B990045D1CF /* Frameworks */ = {
			isa = PBXFrameworksBuildPhase;
			buildActionMask = 2147483647;
			files = (
			);
			runOnlyForDeploymentPostprocessing = 0;
		};
/* End PBXFrameworksBuildPhase section */

/* Begin PBXGroup section */
		F60E844D2A528B980045D1CF = {
			isa = PBXGroup;
			children = (
				F60E84582A528B980045D1CF /* StreetPorformance */,
				F60E84692A528B990045D1CF /* StreetPorformanceTests */,
				F60E84732A528B990045D1CF /* StreetPorformanceUITests */,
				F60E84572A528B980045D1CF /* Products */,
			);
			sourceTree = "<group>";
		};
		F60E84572A528B980045D1CF /* Products */ = {
			isa = PBXGroup;
			children = (
				F60E84562A528B980045D1CF /* StreetPorformance.app */,
				F60E84662A528B990045D1CF /* StreetPorformanceTests.xctest */,
				F60E84702A528B990045D1CF /* StreetPorformanceUITests.xctest */,
			);
			name = Products;
			sourceTree = "<group>";
		};
		F60E84582A528B980045D1CF /* StreetPorformance */ = {
			isa = PBXGroup;
			children = (
				F60E84852A528BD30045D1CF /* View */,
				F60E84842A528BC60045D1CF /* ViewModel */,
				F60E84832A528BB80045D1CF /* Model */,
				F60E84592A528B980045D1CF /* StreetPorformanceApp.swift */,
				F60E845B2A528B980045D1CF /* ContentView.swift */,
				F60E845D2A528B990045D1CF /* Assets.xcassets */,
				F60E845F2A528B990045D1CF /* Preview Content */,
			);
			path = StreetPorformance;
			sourceTree = "<group>";
		};
		F60E845F2A528B990045D1CF /* Preview Content */ = {
			isa = PBXGroup;
			children = (
				F60E84602A528B990045D1CF /* Preview Assets.xcassets */,
			);
			path = "Preview Content";
			sourceTree = "<group>";
		};
		F60E84692A528B990045D1CF /* StreetPorformanceTests */ = {
			isa = PBXGroup;
			children = (
				F60E846A2A528B990045D1CF /* StreetPorformanceTests.swift */,
			);
			path = StreetPorformanceTests;
			sourceTree = "<group>";
		};
		F60E84732A528B990045D1CF /* StreetPorformanceUITests */ = {
			isa = PBXGroup;
			children = (
				F60E84742A528B990045D1CF /* StreetPorformanceUITests.swift */,
				F60E84762A528B990045D1CF /* StreetPorformanceUITestsLaunchTests.swift */,
			);
			path = StreetPorformanceUITests;
			sourceTree = "<group>";
		};
		F60E84832A528BB80045D1CF /* Model */ = {
			isa = PBXGroup;
			children = (
				F60E848A2A528D450045D1CF /* gpsCheck.swift */,
			);
			path = Model;
			sourceTree = "<group>";
		};
		F60E84842A528BC60045D1CF /* ViewModel */ = {
			isa = PBXGroup;
			children = (
				F60E84882A528CF80045D1CF /* localMap.swift */,
			);
			path = ViewModel;
			sourceTree = "<group>";
		};
		F60E84852A528BD30045D1CF /* View */ = {
			isa = PBXGroup;
			children = (
				F60E84862A528BF90045D1CF /* mainPage.swift */,
			);
			path = View;
			sourceTree = "<group>";
		};
/* End PBXGroup section */

/* Begin PBXNativeTarget section */
		F60E84552A528B980045D1CF /* StreetPorformance */ = {
			isa = PBXNativeTarget;
			buildConfigurationList = F60E847A2A528B990045D1CF /* Build configuration list for PBXNativeTarget "StreetPorformance" */;
			buildPhases = (
				F60E84522A528B980045D1CF /* Sources */,
				F60E84532A528B980045D1CF /* Frameworks */,
				F60E84542A528B980045D1CF /* Resources */,
			);
			buildRules = (
			);
			dependencies = (
			);
			name = StreetPorformance;
			productName = StreetPorformance;
			productReference = F60E84562A528B980045D1CF /* StreetPorformance.app */;
			productType = "com.apple.product-type.application";
		};
		F60E84652A528B990045D1CF /* StreetPorformanceTests */ = {
			isa = PBXNativeTarget;
			buildConfigurationList = F60E847D2A528B990045D1CF /* Build configuration list for PBXNativeTarget "StreetPorformanceTests" */;
			buildPhases = (
				F60E84622A528B990045D1CF /* Sources */,
				F60E84632A528B990045D1CF /* Frameworks */,
				F60E84642A528B990045D1CF /* Resources */,
			);
			buildRules = (
			);
			dependencies = (
				F60E84682A528B990045D1CF /* PBXTargetDependency */,
			);
			name = StreetPorformanceTests;
			productName = StreetPorformanceTests;
			productReference = F60E84662A528B990045D1CF /* StreetPorformanceTests.xctest */;
			productType = "com.apple.product-type.bundle.unit-test";
		};
		F60E846F2A528B990045D1CF /* StreetPorformanceUITests */ = {
			isa = PBXNativeTarget;
			buildConfigurationList = F60E84802A528B990045D1CF /* Build configuration list for PBXNativeTarget "StreetPorformanceUITests" */;
			buildPhases = (
				F60E846C2A528B990045D1CF /* Sources */,
				F60E846D2A528B990045D1CF /* Frameworks */,
				F60E846E2A528B990045D1CF /* Resources */,
			);
			buildRules = (
			);
			dependencies = (
				F60E84722A528B990045D1CF /* PBXTargetDependency */,
			);
			name = StreetPorformanceUITests;
			productName = StreetPorformanceUITests;
			productReference = F60E84702A528B990045D1CF /* StreetPorformanceUITests.xctest */;
			productType = "com.apple.product-type.bundle.ui-testing";
		};
/* End PBXNativeTarget section */

/* Begin PBXProject section */
		F60E844E2A528B980045D1CF /* Project object */ = {
			isa = PBXProject;
			attributes = {
				BuildIndependentTargetsInParallel = 1;
				LastSwiftUpdateCheck = 1430;
				LastUpgradeCheck = 1430;
				TargetAttributes = {
					F60E84552A528B980045D1CF = {
						CreatedOnToolsVersion = 14.3.1;
					};
					F60E84652A528B990045D1CF = {
						CreatedOnToolsVersion = 14.3.1;
						TestTargetID = F60E84552A528B980045D1CF;
					};
					F60E846F2A528B990045D1CF = {
						CreatedOnToolsVersion = 14.3.1;
						TestTargetID = F60E84552A528B980045D1CF;
					};
				};
			};
			buildConfigurationList = F60E84512A528B980045D1CF /* Build configuration list for PBXProject "StreetPorformance" */;
			compatibilityVersion = "Xcode 14.0";
			developmentRegion = en;
			hasScannedForEncodings = 0;
			knownRegions = (
				en,
				Base,
			);
			mainGroup = F60E844D2A528B980045D1CF;
			productRefGroup = F60E84572A528B980045D1CF /* Products */;
			projectDirPath = "";
			projectRoot = "";
			targets = (
				F60E84552A528B980045D1CF /* StreetPorformance */,
				F60E84652A528B990045D1CF /* StreetPorformanceTests */,
				F60E846F2A528B990045D1CF /* StreetPorformanceUITests */,
			);
		};
/* End PBXProject section */

/* Begin PBXResourcesBuildPhase section */
		F60E84542A528B980045D1CF /* Resources */ = {
			isa = PBXResourcesBuildPhase;
			buildActionMask = 2147483647;
			files = (
				F60E84612A528B990045D1CF /* Preview Assets.xcassets in Resources */,
				F60E845E2A528B990045D1CF /* Assets.xcassets in Resources */,
			);
			runOnlyForDeploymentPostprocessing = 0;
		};
		F60E84642A528B990045D1CF /* Resources */ = {
			isa = PBXResourcesBuildPhase;
			buildActionMask = 2147483647;
			files = (
			);
			runOnlyForDeploymentPostprocessing = 0;
		};
		F60E846E2A528B990045D1CF /* Resources */ = {
			isa = PBXResourcesBuildPhase;
			buildActionMask = 2147483647;
			files = (
			);
			runOnlyForDeploymentPostprocessing = 0;
		};
/* End PBXResourcesBuildPhase section */

/* Begin PBXSourcesBuildPhase section */
		F60E84522A528B980045D1CF /* Sources */ = {
			isa = PBXSourcesBuildPhase;
			buildActionMask = 2147483647;
			files = (
				F60E845C2A528B980045D1CF /* ContentView.swift in Sources */,
				F60E84872A528BF90045D1CF /* mainPage.swift in Sources */,
				F60E848B2A528D450045D1CF /* gpsCheck.swift in Sources */,
				F60E84892A528CF80045D1CF /* localMap.swift in Sources */,
				F60E845A2A528B980045D1CF /* StreetPorformanceApp.swift in Sources */,
			);
			runOnlyForDeploymentPostprocessing = 0;
		};
		F60E84622A528B990045D1CF /* Sources */ = {
			isa = PBXSourcesBuildPhase;
			buildActionMask = 2147483647;
			files = (
				F60E846B2A528B990045D1CF /* StreetPorformanceTests.swift in Sources */,
			);
			runOnlyForDeploymentPostprocessing = 0;
		};
		F60E846C2A528B990045D1CF /* Sources */ = {
			isa = PBXSourcesBuildPhase;
			buildActionMask = 2147483647;
			files = (
				F60E84772A528B990045D1CF /* StreetPorformanceUITestsLaunchTests.swift in Sources */,
				F60E84752A528B990045D1CF /* StreetPorformanceUITests.swift in Sources */,
			);
			runOnlyForDeploymentPostprocessing = 0;
		};
/* End PBXSourcesBuildPhase section */

/* Begin PBXTargetDependency section */
		F60E84682A528B990045D1CF /* PBXTargetDependency */ = {
			isa = PBXTargetDependency;
			target = F60E84552A528B980045D1CF /* StreetPorformance */;
			targetProxy = F60E84672A528B990045D1CF /* PBXContainerItemProxy */;
		};
		F60E84722A528B990045D1CF /* PBXTargetDependency */ = {
			isa = PBXTargetDependency;
			target = F60E84552A528B980045D1CF /* StreetPorformance */;
			targetProxy = F60E84712A528B990045D1CF /* PBXContainerItemProxy */;
		};
/* End PBXTargetDependency section */

/* Begin XCBuildConfiguration section */
		F60E84782A528B990045D1CF /* Debug */ = {
			isa = XCBuildConfiguration;
			buildSettings = {
				ALWAYS_SEARCH_USER_PATHS = NO;
				CLANG_ANALYZER_NONNULL = YES;
				CLANG_ANALYZER_NUMBER_OBJECT_CONVERSION = YES_AGGRESSIVE;
				CLANG_CXX_LANGUAGE_STANDARD = "gnu++20";
				CLANG_ENABLE_MODULES = YES;
				CLANG_ENABLE_OBJC_ARC = YES;
				CLANG_ENABLE_OBJC_WEAK = YES;
				CLANG_WARN_BLOCK_CAPTURE_AUTORELEASING = YES;
				CLANG_WARN_BOOL_CONVERSION = YES;
				CLANG_WARN_COMMA = YES;
				CLANG_WARN_CONSTANT_CONVERSION = YES;
				CLANG_WARN_DEPRECATED_OBJC_IMPLEMENTATIONS = YES;
				CLANG_WARN_DIRECT_OBJC_ISA_USAGE = YES_ERROR;
				CLANG_WARN_DOCUMENTATION_COMMENTS = YES;
				CLANG_WARN_EMPTY_BODY = YES;
				CLANG_WARN_ENUM_CONVERSION = YES;
				CLANG_WARN_INFINITE_RECURSION = YES;
				CLANG_WARN_INT_CONVERSION = YES;
				CLANG_WARN_NON_LITERAL_NULL_CONVERSION = YES;
				CLANG_WARN_OBJC_IMPLICIT_RETAIN_SELF = YES;
				CLANG_WARN_OBJC_LITERAL_CONVERSION = YES;
				CLANG_WARN_OBJC_ROOT_CLASS = YES_ERROR;
				CLANG_WARN_QUOTED_INCLUDE_IN_FRAMEWORK_HEADER = YES;
				CLANG_WARN_RANGE_LOOP_ANALYSIS = YES;
				CLANG_WARN_STRICT_PROTOTYPES = YES;
				CLANG_WARN_SUSPICIOUS_MOVE = YES;
				CLANG_WARN_UNGUARDED_AVAILABILITY = YES_AGGRESSIVE;
				CLANG_WARN_UNREACHABLE_CODE = YES;
				CLANG_WARN__DUPLICATE_METHOD_MATCH = YES;
				COPY_PHASE_STRIP = NO;
				DEBUG_INFORMATION_FORMAT = dwarf;
				ENABLE_STRICT_OBJC_MSGSEND = YES;
				ENABLE_TESTABILITY = YES;
				GCC_C_LANGUAGE_STANDARD = gnu11;
				GCC_DYNAMIC_NO_PIC = NO;
				GCC_NO_COMMON_BLOCKS = YES;
				GCC_OPTIMIZATION_LEVEL = 0;
				GCC_PREPROCESSOR_DEFINITIONS = (
					"DEBUG=1",
					"$(inherited)",
				);
				GCC_WARN_64_TO_32_BIT_CONVERSION = YES;
				GCC_WARN_ABOUT_RETURN_TYPE = YES_ERROR;
				GCC_WARN_UNDECLARED_SELECTOR = YES;
				GCC_WARN_UNINITIALIZED_AUTOS = YES_AGGRESSIVE;
				GCC_WARN_UNUSED_FUNCTION = YES;
				GCC_WARN_UNUSED_VARIABLE = YES;
				IPHONEOS_DEPLOYMENT_TARGET = 16.4;
				MTL_ENABLE_DEBUG_INFO = INCLUDE_SOURCE;
				MTL_FAST_MATH = YES;
				ONLY_ACTIVE_ARCH = YES;
				SDKROOT = iphoneos;
				SWIFT_ACTIVE_COMPILATION_CONDITIONS = DEBUG;
				SWIFT_OPTIMIZATION_LEVEL = "-Onone";
			};
			name = Debug;
		};
		F60E84792A528B990045D1CF /* Release */ = {
			isa = XCBuildConfiguration;
			buildSettings = {
				ALWAYS_SEARCH_USER_PATHS = NO;
				CLANG_ANALYZER_NONNULL = YES;
				CLANG_ANALYZER_NUMBER_OBJECT_CONVERSION = YES_AGGRESSIVE;
				CLANG_CXX_LANGUAGE_STANDARD = "gnu++20";
				CLANG_ENABLE_MODULES = YES;
				CLANG_ENABLE_OBJC_ARC = YES;
				CLANG_ENABLE_OBJC_WEAK = YES;
				CLANG_WARN_BLOCK_CAPTURE_AUTORELEASING = YES;
				CLANG_WARN_BOOL_CONVERSION = YES;
				CLANG_WARN_COMMA = YES;
				CLANG_WARN_CONSTANT_CONVERSION = YES;
				CLANG_WARN_DEPRECATED_OBJC_IMPLEMENTATIONS = YES;
				CLANG_WARN_DIRECT_OBJC_ISA_USAGE = YES_ERROR;
				CLANG_WARN_DOCUMENTATION_COMMENTS = YES;
				CLANG_WARN_EMPTY_BODY = YES;
				CLANG_WARN_ENUM_CONVERSION = YES;
				CLANG_WARN_INFINITE_RECURSION = YES;
				CLANG_WARN_INT_CONVERSION = YES;
				CLANG_WARN_NON_LITERAL_NULL_CONVERSION = YES;
				CLANG_WARN_OBJC_IMPLICIT_RETAIN_SELF = YES;
				CLANG_WARN_OBJC_LITERAL_CONVERSION = YES;
				CLANG_WARN_OBJC_ROOT_CLASS = YES_ERROR;
				CLANG_WARN_QUOTED_INCLUDE_IN_FRAMEWORK_HEADER = YES;
				CLANG_WARN_RANGE_LOOP_ANALYSIS = YES;
				CLANG_WARN_STRICT_PROTOTYPES = YES;
				CLANG_WARN_SUSPICIOUS_MOVE = YES;
				CLANG_WARN_UNGUARDED_AVAILABILITY = YES_AGGRESSIVE;
				CLANG_WARN_UNREACHABLE_CODE = YES;
				CLANG_WARN__DUPLICATE_METHOD_MATCH = YES;
				COPY_PHASE_STRIP = NO;
				DEBUG_INFORMATION_FORMAT = "dwarf-with-dsym";
				ENABLE_NS_ASSERTIONS = NO;
				ENABLE_STRICT_OBJC_MSGSEND = YES;
				GCC_C_LANGUAGE_STANDARD = gnu11;
				GCC_NO_COMMON_BLOCKS = YES;
				GCC_WARN_64_TO_32_BIT_CONVERSION = YES;
				GCC_WARN_ABOUT_RETURN_TYPE = YES_ERROR;
				GCC_WARN_UNDECLARED_SELECTOR = YES;
				GCC_WARN_UNINITIALIZED_AUTOS = YES_AGGRESSIVE;
				GCC_WARN_UNUSED_FUNCTION = YES;
				GCC_WARN_UNUSED_VARIABLE = YES;
				IPHONEOS_DEPLOYMENT_TARGET = 16.4;
				MTL_ENABLE_DEBUG_INFO = NO;
				MTL_FAST_MATH = YES;
				SDKROOT = iphoneos;
				SWIFT_COMPILATION_MODE = wholemodule;
				SWIFT_OPTIMIZATION_LEVEL = "-O";
				VALIDATE_PRODUCT = YES;
			};
			name = Release;
		};
		F60E847B2A528B990045D1CF /* Debug */ = {
			isa = XCBuildConfiguration;
			buildSettings = {
				ASSETCATALOG_COMPILER_APPICON_NAME = AppIcon;
				ASSETCATALOG_COMPILER_GLOBAL_ACCENT_COLOR_NAME = AccentColor;
				CODE_SIGN_STYLE = Automatic;
				CURRENT_PROJECT_VERSION = 1;
				DEVELOPMENT_ASSET_PATHS = "\"StreetPorformance/Preview Content\"";
				DEVELOPMENT_TEAM = 6RJC8T2X94;
				ENABLE_PREVIEWS = YES;
				GENERATE_INFOPLIST_FILE = YES;
				INFOPLIST_KEY_UIApplicationSceneManifest_Generation = YES;
				INFOPLIST_KEY_UIApplicationSupportsIndirectInputEvents = YES;
				INFOPLIST_KEY_UILaunchScreen_Generation = YES;
				INFOPLIST_KEY_UISupportedInterfaceOrientations_iPad = "UIInterfaceOrientationPortrait UIInterfaceOrientationPortraitUpsideDown UIInterfaceOrientationLandscapeLeft UIInterfaceOrientationLandscapeRight";
				INFOPLIST_KEY_UISupportedInterfaceOrientations_iPhone = "UIInterfaceOrientationPortrait UIInterfaceOrientationLandscapeLeft UIInterfaceOrientationLandscapeRight";
				LD_RUNPATH_SEARCH_PATHS = (
					"$(inherited)",
					"@executable_path/Frameworks",
				);
				MARKETING_VERSION = 1.0;
				PRODUCT_BUNDLE_IDENTIFIER = DonsNote.StreetPorformance;
				PRODUCT_NAME = "$(TARGET_NAME)";
				SWIFT_EMIT_LOC_STRINGS = YES;
				SWIFT_VERSION = 5.0;
				TARGETED_DEVICE_FAMILY = "1,2";
			};
			name = Debug;
		};
		F60E847C2A528B990045D1CF /* Release */ = {
			isa = XCBuildConfiguration;
			buildSettings = {
				ASSETCATALOG_COMPILER_APPICON_NAME = AppIcon;
				ASSETCATALOG_COMPILER_GLOBAL_ACCENT_COLOR_NAME = AccentColor;
				CODE_SIGN_STYLE = Automatic;
				CURRENT_PROJECT_VERSION = 1;
				DEVELOPMENT_ASSET_PATHS = "\"StreetPorformance/Preview Content\"";
				DEVELOPMENT_TEAM = 6RJC8T2X94;
				ENABLE_PREVIEWS = YES;
				GENERATE_INFOPLIST_FILE = YES;
				INFOPLIST_KEY_UIApplicationSceneManifest_Generation = YES;
				INFOPLIST_KEY_UIApplicationSupportsIndirectInputEvents = YES;
				INFOPLIST_KEY_UILaunchScreen_Generation = YES;
				INFOPLIST_KEY_UISupportedInterfaceOrientations_iPad = "UIInterfaceOrientationPortrait UIInterfaceOrientationPortraitUpsideDown UIInterfaceOrientationLandscapeLeft UIInterfaceOrientationLandscapeRight";
				INFOPLIST_KEY_UISupportedInterfaceOrientations_iPhone = "UIInterfaceOrientationPortrait UIInterfaceOrientationLandscapeLeft UIInterfaceOrientationLandscapeRight";
				LD_RUNPATH_SEARCH_PATHS = (
					"$(inherited)",
					"@executable_path/Frameworks",
				);
				MARKETING_VERSION = 1.0;
				PRODUCT_BUNDLE_IDENTIFIER = DonsNote.StreetPorformance;
				PRODUCT_NAME = "$(TARGET_NAME)";
				SWIFT_EMIT_LOC_STRINGS = YES;
				SWIFT_VERSION = 5.0;
				TARGETED_DEVICE_FAMILY = "1,2";
			};
			name = Release;
		};
		F60E847E2A528B990045D1CF /* Debug */ = {
			isa = XCBuildConfiguration;
			buildSettings = {
				ALWAYS_EMBED_SWIFT_STANDARD_LIBRARIES = YES;
				BUNDLE_LOADER = "$(TEST_HOST)";
				CODE_SIGN_STYLE = Automatic;
				CURRENT_PROJECT_VERSION = 1;
				DEVELOPMENT_TEAM = 6RJC8T2X94;
				GENERATE_INFOPLIST_FILE = YES;
				IPHONEOS_DEPLOYMENT_TARGET = 16.4;
				MARKETING_VERSION = 1.0;
				PRODUCT_BUNDLE_IDENTIFIER = DonsNote.StreetPorformanceTests;
				PRODUCT_NAME = "$(TARGET_NAME)";
				SWIFT_EMIT_LOC_STRINGS = NO;
				SWIFT_VERSION = 5.0;
				TARGETED_DEVICE_FAMILY = "1,2";
				TEST_HOST = "$(BUILT_PRODUCTS_DIR)/StreetPorformance.app/$(BUNDLE_EXECUTABLE_FOLDER_PATH)/StreetPorformance";
			};
			name = Debug;
		};
		F60E847F2A528B990045D1CF /* Release */ = {
			isa = XCBuildConfiguration;
			buildSettings = {
				ALWAYS_EMBED_SWIFT_STANDARD_LIBRARIES = YES;
				BUNDLE_LOADER = "$(TEST_HOST)";
				CODE_SIGN_STYLE = Automatic;
				CURRENT_PROJECT_VERSION = 1;
				DEVELOPMENT_TEAM = 6RJC8T2X94;
				GENERATE_INFOPLIST_FILE = YES;
				IPHONEOS_DEPLOYMENT_TARGET = 16.4;
				MARKETING_VERSION = 1.0;
				PRODUCT_BUNDLE_IDENTIFIER = DonsNote.StreetPorformanceTests;
				PRODUCT_NAME = "$(TARGET_NAME)";
				SWIFT_EMIT_LOC_STRINGS = NO;
				SWIFT_VERSION = 5.0;
				TARGETED_DEVICE_FAMILY = "1,2";
				TEST_HOST = "$(BUILT_PRODUCTS_DIR)/StreetPorformance.app/$(BUNDLE_EXECUTABLE_FOLDER_PATH)/StreetPorformance";
			};
			name = Release;
		};
		F60E84812A528B990045D1CF /* Debug */ = {
			isa = XCBuildConfiguration;
			buildSettings = {
				ALWAYS_EMBED_SWIFT_STANDARD_LIBRARIES = YES;
				CODE_SIGN_STYLE = Automatic;
				CURRENT_PROJECT_VERSION = 1;
				DEVELOPMENT_TEAM = 6RJC8T2X94;
				GENERATE_INFOPLIST_FILE = YES;
				MARKETING_VERSION = 1.0;
				PRODUCT_BUNDLE_IDENTIFIER = DonsNote.StreetPorformanceUITests;
				PRODUCT_NAME = "$(TARGET_NAME)";
				SWIFT_EMIT_LOC_STRINGS = NO;
				SWIFT_VERSION = 5.0;
				TARGETED_DEVICE_FAMILY = "1,2";
				TEST_TARGET_NAME = StreetPorformance;
			};
			name = Debug;
		};
		F60E84822A528B990045D1CF /* Release */ = {
			isa = XCBuildConfiguration;
			buildSettings = {
				ALWAYS_EMBED_SWIFT_STANDARD_LIBRARIES = YES;
				CODE_SIGN_STYLE = Automatic;
				CURRENT_PROJECT_VERSION = 1;
				DEVELOPMENT_TEAM = 6RJC8T2X94;
				GENERATE_INFOPLIST_FILE = YES;
				MARKETING_VERSION = 1.0;
				PRODUCT_BUNDLE_IDENTIFIER = DonsNote.StreetPorformanceUITests;
				PRODUCT_NAME = "$(TARGET_NAME)";
				SWIFT_EMIT_LOC_STRINGS = NO;
				SWIFT_VERSION = 5.0;
				TARGETED_DEVICE_FAMILY = "1,2";
				TEST_TARGET_NAME = StreetPorformance;
			};
			name = Release;
		};
/* End XCBuildConfiguration section */

/* Begin XCConfigurationList section */
		F60E84512A528B980045D1CF /* Build configuration list for PBXProject "StreetPorformance" */ = {
			isa = XCConfigurationList;
			buildConfigurations = (
				F60E84782A528B990045D1CF /* Debug */,
				F60E84792A528B990045D1CF /* Release */,
			);
			defaultConfigurationIsVisible = 0;
			defaultConfigurationName = Release;
		};
		F60E847A2A528B990045D1CF /* Build configuration list for PBXNativeTarget "StreetPorformance" */ = {
			isa = XCConfigurationList;
			buildConfigurations = (
				F60E847B2A528B990045D1CF /* Debug */,
				F60E847C2A528B990045D1CF /* Release */,
			);
			defaultConfigurationIsVisible = 0;
			defaultConfigurationName = Release;
		};
		F60E847D2A528B990045D1CF /* Build configuration list for PBXNativeTarget "StreetPorformanceTests" */ = {
			isa = XCConfigurationList;
			buildConfigurations = (
				F60E847E2A528B990045D1CF /* Debug */,
				F60E847F2A528B990045D1CF /* Release */,
			);
			defaultConfigurationIsVisible = 0;
			defaultConfigurationName = Release;
		};
		F60E84802A528B990045D1CF /* Build configuration list for PBXNativeTarget "StreetPorformanceUITests" */ = {
			isa = XCConfigurationList;
			buildConfigurations = (
				F60E84812A528B990045D1CF /* Debug */,
				F60E84822A528B990045D1CF /* Release */,
			);
			defaultConfigurationIsVisible = 0;
			defaultConfigurationName = Release;
		};
/* End XCConfigurationList section */
	};
	rootObject = F60E844E2A528B980045D1CF /* Project object */;
}
