// !$*UTF8*$!
{
	archiveVersion = 1;
	classes = {
	};
	objectVersion = 56;
	objects = {

/* Begin PBXBuildFile section */
		F6EFBAA62A568F1B00FDE642 /* AppDelegate.swift in Sources */ = {isa = PBXBuildFile; fileRef = F6EFBAA52A568F1B00FDE642 /* AppDelegate.swift */; };
		F6EFBAA82A568F1B00FDE642 /* SceneDelegate.swift in Sources */ = {isa = PBXBuildFile; fileRef = F6EFBAA72A568F1B00FDE642 /* SceneDelegate.swift */; };
		F6EFBAAA2A568F1B00FDE642 /* ViewController.swift in Sources */ = {isa = PBXBuildFile; fileRef = F6EFBAA92A568F1B00FDE642 /* ViewController.swift */; };
		F6EFBAAD2A568F1B00FDE642 /* Main.storyboard in Resources */ = {isa = PBXBuildFile; fileRef = F6EFBAAB2A568F1B00FDE642 /* Main.storyboard */; };
		F6EFBAAF2A568F1C00FDE642 /* Assets.xcassets in Resources */ = {isa = PBXBuildFile; fileRef = F6EFBAAE2A568F1C00FDE642 /* Assets.xcassets */; };
		F6EFBAB22A568F1C00FDE642 /* LaunchScreen.storyboard in Resources */ = {isa = PBXBuildFile; fileRef = F6EFBAB02A568F1C00FDE642 /* LaunchScreen.storyboard */; };
		F6EFBABD2A568F1C00FDE642 /* youngsUikitTests.swift in Sources */ = {isa = PBXBuildFile; fileRef = F6EFBABC2A568F1C00FDE642 /* youngsUikitTests.swift */; };
		F6EFBAC72A568F1C00FDE642 /* youngsUikitUITests.swift in Sources */ = {isa = PBXBuildFile; fileRef = F6EFBAC62A568F1C00FDE642 /* youngsUikitUITests.swift */; };
		F6EFBAC92A568F1C00FDE642 /* youngsUikitUITestsLaunchTests.swift in Sources */ = {isa = PBXBuildFile; fileRef = F6EFBAC82A568F1C00FDE642 /* youngsUikitUITestsLaunchTests.swift */; };
/* End PBXBuildFile section */

/* Begin PBXContainerItemProxy section */
		F6EFBAB92A568F1C00FDE642 /* PBXContainerItemProxy */ = {
			isa = PBXContainerItemProxy;
			containerPortal = F6EFBA9A2A568F1B00FDE642 /* Project object */;
			proxyType = 1;
			remoteGlobalIDString = F6EFBAA12A568F1B00FDE642;
			remoteInfo = youngsUikit;
		};
		F6EFBAC32A568F1C00FDE642 /* PBXContainerItemProxy */ = {
			isa = PBXContainerItemProxy;
			containerPortal = F6EFBA9A2A568F1B00FDE642 /* Project object */;
			proxyType = 1;
			remoteGlobalIDString = F6EFBAA12A568F1B00FDE642;
			remoteInfo = youngsUikit;
		};
/* End PBXContainerItemProxy section */

/* Begin PBXFileReference section */
		F6EFBAA22A568F1B00FDE642 /* youngsUikit.app */ = {isa = PBXFileReference; explicitFileType = wrapper.application; includeInIndex = 0; path = youngsUikit.app; sourceTree = BUILT_PRODUCTS_DIR; };
		F6EFBAA52A568F1B00FDE642 /* AppDelegate.swift */ = {isa = PBXFileReference; lastKnownFileType = sourcecode.swift; path = AppDelegate.swift; sourceTree = "<group>"; };
		F6EFBAA72A568F1B00FDE642 /* SceneDelegate.swift */ = {isa = PBXFileReference; lastKnownFileType = sourcecode.swift; path = SceneDelegate.swift; sourceTree = "<group>"; };
		F6EFBAA92A568F1B00FDE642 /* ViewController.swift */ = {isa = PBXFileReference; lastKnownFileType = sourcecode.swift; path = ViewController.swift; sourceTree = "<group>"; };
		F6EFBAAC2A568F1B00FDE642 /* Base */ = {isa = PBXFileReference; lastKnownFileType = file.storyboard; name = Base; path = Base.lproj/Main.storyboard; sourceTree = "<group>"; };
		F6EFBAAE2A568F1C00FDE642 /* Assets.xcassets */ = {isa = PBXFileReference; lastKnownFileType = folder.assetcatalog; path = Assets.xcassets; sourceTree = "<group>"; };
		F6EFBAB12A568F1C00FDE642 /* Base */ = {isa = PBXFileReference; lastKnownFileType = file.storyboard; name = Base; path = Base.lproj/LaunchScreen.storyboard; sourceTree = "<group>"; };
		F6EFBAB32A568F1C00FDE642 /* Info.plist */ = {isa = PBXFileReference; lastKnownFileType = text.plist.xml; path = Info.plist; sourceTree = "<group>"; };
		F6EFBAB82A568F1C00FDE642 /* youngsUikitTests.xctest */ = {isa = PBXFileReference; explicitFileType = wrapper.cfbundle; includeInIndex = 0; path = youngsUikitTests.xctest; sourceTree = BUILT_PRODUCTS_DIR; };
		F6EFBABC2A568F1C00FDE642 /* youngsUikitTests.swift */ = {isa = PBXFileReference; lastKnownFileType = sourcecode.swift; path = youngsUikitTests.swift; sourceTree = "<group>"; };
		F6EFBAC22A568F1C00FDE642 /* youngsUikitUITests.xctest */ = {isa = PBXFileReference; explicitFileType = wrapper.cfbundle; includeInIndex = 0; path = youngsUikitUITests.xctest; sourceTree = BUILT_PRODUCTS_DIR; };
		F6EFBAC62A568F1C00FDE642 /* youngsUikitUITests.swift */ = {isa = PBXFileReference; lastKnownFileType = sourcecode.swift; path = youngsUikitUITests.swift; sourceTree = "<group>"; };
		F6EFBAC82A568F1C00FDE642 /* youngsUikitUITestsLaunchTests.swift */ = {isa = PBXFileReference; lastKnownFileType = sourcecode.swift; path = youngsUikitUITestsLaunchTests.swift; sourceTree = "<group>"; };
/* End PBXFileReference section */

/* Begin PBXFrameworksBuildPhase section */
		F6EFBA9F2A568F1B00FDE642 /* Frameworks */ = {
			isa = PBXFrameworksBuildPhase;
			buildActionMask = 2147483647;
			files = (
			);
			runOnlyForDeploymentPostprocessing = 0;
		};
		F6EFBAB52A568F1C00FDE642 /* Frameworks */ = {
			isa = PBXFrameworksBuildPhase;
			buildActionMask = 2147483647;
			files = (
			);
			runOnlyForDeploymentPostprocessing = 0;
		};
		F6EFBABF2A568F1C00FDE642 /* Frameworks */ = {
			isa = PBXFrameworksBuildPhase;
			buildActionMask = 2147483647;
			files = (
			);
			runOnlyForDeploymentPostprocessing = 0;
		};
/* End PBXFrameworksBuildPhase section */

/* Begin PBXGroup section */
		F6EFBA992A568F1B00FDE642 = {
			isa = PBXGroup;
			children = (
				F6EFBAA42A568F1B00FDE642 /* youngsUikit */,
				F6EFBABB2A568F1C00FDE642 /* youngsUikitTests */,
				F6EFBAC52A568F1C00FDE642 /* youngsUikitUITests */,
				F6EFBAA32A568F1B00FDE642 /* Products */,
			);
			sourceTree = "<group>";
		};
		F6EFBAA32A568F1B00FDE642 /* Products */ = {
			isa = PBXGroup;
			children = (
				F6EFBAA22A568F1B00FDE642 /* youngsUikit.app */,
				F6EFBAB82A568F1C00FDE642 /* youngsUikitTests.xctest */,
				F6EFBAC22A568F1C00FDE642 /* youngsUikitUITests.xctest */,
			);
			name = Products;
			sourceTree = "<group>";
		};
		F6EFBAA42A568F1B00FDE642 /* youngsUikit */ = {
			isa = PBXGroup;
			children = (
				F6EFBAA52A568F1B00FDE642 /* AppDelegate.swift */,
				F6EFBAA72A568F1B00FDE642 /* SceneDelegate.swift */,
				F6EFBAA92A568F1B00FDE642 /* ViewController.swift */,
				F6EFBAAB2A568F1B00FDE642 /* Main.storyboard */,
				F6EFBAAE2A568F1C00FDE642 /* Assets.xcassets */,
				F6EFBAB02A568F1C00FDE642 /* LaunchScreen.storyboard */,
				F6EFBAB32A568F1C00FDE642 /* Info.plist */,
			);
			path = youngsUikit;
			sourceTree = "<group>";
		};
		F6EFBABB2A568F1C00FDE642 /* youngsUikitTests */ = {
			isa = PBXGroup;
			children = (
				F6EFBABC2A568F1C00FDE642 /* youngsUikitTests.swift */,
			);
			path = youngsUikitTests;
			sourceTree = "<group>";
		};
		F6EFBAC52A568F1C00FDE642 /* youngsUikitUITests */ = {
			isa = PBXGroup;
			children = (
				F6EFBAC62A568F1C00FDE642 /* youngsUikitUITests.swift */,
				F6EFBAC82A568F1C00FDE642 /* youngsUikitUITestsLaunchTests.swift */,
			);
			path = youngsUikitUITests;
			sourceTree = "<group>";
		};
/* End PBXGroup section */

/* Begin PBXNativeTarget section */
		F6EFBAA12A568F1B00FDE642 /* youngsUikit */ = {
			isa = PBXNativeTarget;
			buildConfigurationList = F6EFBACC2A568F1C00FDE642 /* Build configuration list for PBXNativeTarget "youngsUikit" */;
			buildPhases = (
				F6EFBA9E2A568F1B00FDE642 /* Sources */,
				F6EFBA9F2A568F1B00FDE642 /* Frameworks */,
				F6EFBAA02A568F1B00FDE642 /* Resources */,
			);
			buildRules = (
			);
			dependencies = (
			);
			name = youngsUikit;
			productName = youngsUikit;
			productReference = F6EFBAA22A568F1B00FDE642 /* youngsUikit.app */;
			productType = "com.apple.product-type.application";
		};
		F6EFBAB72A568F1C00FDE642 /* youngsUikitTests */ = {
			isa = PBXNativeTarget;
			buildConfigurationList = F6EFBACF2A568F1C00FDE642 /* Build configuration list for PBXNativeTarget "youngsUikitTests" */;
			buildPhases = (
				F6EFBAB42A568F1C00FDE642 /* Sources */,
				F6EFBAB52A568F1C00FDE642 /* Frameworks */,
				F6EFBAB62A568F1C00FDE642 /* Resources */,
			);
			buildRules = (
			);
			dependencies = (
				F6EFBABA2A568F1C00FDE642 /* PBXTargetDependency */,
			);
			name = youngsUikitTests;
			productName = youngsUikitTests;
			productReference = F6EFBAB82A568F1C00FDE642 /* youngsUikitTests.xctest */;
			productType = "com.apple.product-type.bundle.unit-test";
		};
		F6EFBAC12A568F1C00FDE642 /* youngsUikitUITests */ = {
			isa = PBXNativeTarget;
			buildConfigurationList = F6EFBAD22A568F1C00FDE642 /* Build configuration list for PBXNativeTarget "youngsUikitUITests" */;
			buildPhases = (
				F6EFBABE2A568F1C00FDE642 /* Sources */,
				F6EFBABF2A568F1C00FDE642 /* Frameworks */,
				F6EFBAC02A568F1C00FDE642 /* Resources */,
			);
			buildRules = (
			);
			dependencies = (
				F6EFBAC42A568F1C00FDE642 /* PBXTargetDependency */,
			);
			name = youngsUikitUITests;
			productName = youngsUikitUITests;
			productReference = F6EFBAC22A568F1C00FDE642 /* youngsUikitUITests.xctest */;
			productType = "com.apple.product-type.bundle.ui-testing";
		};
/* End PBXNativeTarget section */

/* Begin PBXProject section */
		F6EFBA9A2A568F1B00FDE642 /* Project object */ = {
			isa = PBXProject;
			attributes = {
				BuildIndependentTargetsInParallel = 1;
				LastSwiftUpdateCheck = 1430;
				LastUpgradeCheck = 1430;
				TargetAttributes = {
					F6EFBAA12A568F1B00FDE642 = {
						CreatedOnToolsVersion = 14.3.1;
					};
					F6EFBAB72A568F1C00FDE642 = {
						CreatedOnToolsVersion = 14.3.1;
						TestTargetID = F6EFBAA12A568F1B00FDE642;
					};
					F6EFBAC12A568F1C00FDE642 = {
						CreatedOnToolsVersion = 14.3.1;
						TestTargetID = F6EFBAA12A568F1B00FDE642;
					};
				};
			};
			buildConfigurationList = F6EFBA9D2A568F1B00FDE642 /* Build configuration list for PBXProject "youngsUikit" */;
			compatibilityVersion = "Xcode 14.0";
			developmentRegion = en;
			hasScannedForEncodings = 0;
			knownRegions = (
				en,
				Base,
			);
			mainGroup = F6EFBA992A568F1B00FDE642;
			productRefGroup = F6EFBAA32A568F1B00FDE642 /* Products */;
			projectDirPath = "";
			projectRoot = "";
			targets = (
				F6EFBAA12A568F1B00FDE642 /* youngsUikit */,
				F6EFBAB72A568F1C00FDE642 /* youngsUikitTests */,
				F6EFBAC12A568F1C00FDE642 /* youngsUikitUITests */,
			);
		};
/* End PBXProject section */

/* Begin PBXResourcesBuildPhase section */
		F6EFBAA02A568F1B00FDE642 /* Resources */ = {
			isa = PBXResourcesBuildPhase;
			buildActionMask = 2147483647;
			files = (
				F6EFBAB22A568F1C00FDE642 /* LaunchScreen.storyboard in Resources */,
				F6EFBAAF2A568F1C00FDE642 /* Assets.xcassets in Resources */,
				F6EFBAAD2A568F1B00FDE642 /* Main.storyboard in Resources */,
			);
			runOnlyForDeploymentPostprocessing = 0;
		};
		F6EFBAB62A568F1C00FDE642 /* Resources */ = {
			isa = PBXResourcesBuildPhase;
			buildActionMask = 2147483647;
			files = (
			);
			runOnlyForDeploymentPostprocessing = 0;
		};
		F6EFBAC02A568F1C00FDE642 /* Resources */ = {
			isa = PBXResourcesBuildPhase;
			buildActionMask = 2147483647;
			files = (
			);
			runOnlyForDeploymentPostprocessing = 0;
		};
/* End PBXResourcesBuildPhase section */

/* Begin PBXSourcesBuildPhase section */
		F6EFBA9E2A568F1B00FDE642 /* Sources */ = {
			isa = PBXSourcesBuildPhase;
			buildActionMask = 2147483647;
			files = (
				F6EFBAAA2A568F1B00FDE642 /* ViewController.swift in Sources */,
				F6EFBAA62A568F1B00FDE642 /* AppDelegate.swift in Sources */,
				F6EFBAA82A568F1B00FDE642 /* SceneDelegate.swift in Sources */,
			);
			runOnlyForDeploymentPostprocessing = 0;
		};
		F6EFBAB42A568F1C00FDE642 /* Sources */ = {
			isa = PBXSourcesBuildPhase;
			buildActionMask = 2147483647;
			files = (
				F6EFBABD2A568F1C00FDE642 /* youngsUikitTests.swift in Sources */,
			);
			runOnlyForDeploymentPostprocessing = 0;
		};
		F6EFBABE2A568F1C00FDE642 /* Sources */ = {
			isa = PBXSourcesBuildPhase;
			buildActionMask = 2147483647;
			files = (
				F6EFBAC92A568F1C00FDE642 /* youngsUikitUITestsLaunchTests.swift in Sources */,
				F6EFBAC72A568F1C00FDE642 /* youngsUikitUITests.swift in Sources */,
			);
			runOnlyForDeploymentPostprocessing = 0;
		};
/* End PBXSourcesBuildPhase section */

/* Begin PBXTargetDependency section */
		F6EFBABA2A568F1C00FDE642 /* PBXTargetDependency */ = {
			isa = PBXTargetDependency;
			target = F6EFBAA12A568F1B00FDE642 /* youngsUikit */;
			targetProxy = F6EFBAB92A568F1C00FDE642 /* PBXContainerItemProxy */;
		};
		F6EFBAC42A568F1C00FDE642 /* PBXTargetDependency */ = {
			isa = PBXTargetDependency;
			target = F6EFBAA12A568F1B00FDE642 /* youngsUikit */;
			targetProxy = F6EFBAC32A568F1C00FDE642 /* PBXContainerItemProxy */;
		};
/* End PBXTargetDependency section */

/* Begin PBXVariantGroup section */
		F6EFBAAB2A568F1B00FDE642 /* Main.storyboard */ = {
			isa = PBXVariantGroup;
			children = (
				F6EFBAAC2A568F1B00FDE642 /* Base */,
			);
			name = Main.storyboard;
			sourceTree = "<group>";
		};
		F6EFBAB02A568F1C00FDE642 /* LaunchScreen.storyboard */ = {
			isa = PBXVariantGroup;
			children = (
				F6EFBAB12A568F1C00FDE642 /* Base */,
			);
			name = LaunchScreen.storyboard;
			sourceTree = "<group>";
		};
/* End PBXVariantGroup section */

/* Begin XCBuildConfiguration section */
		F6EFBACA2A568F1C00FDE642 /* Debug */ = {
			isa = XCBuildConfiguration;
			buildSettings = {
				ALWAYS_SEARCH_USER_PATHS = NO;
				CLANG_ANALYZER_NONNULL = YES;
				CLANG_ANALYZER_NUMBER_OBJECT_CONVERSION = YES_AGGRESSIVE;
				CLANG_CXX_LANGUAGE_STANDARD = "gnu++20";
				CLANG_ENABLE_MODULES = YES;
				CLANG_ENABLE_OBJC_ARC = YES;
				CLANG_ENABLE_OBJC_WEAK = YES;
				CLANG_WARN_BLOCK_CAPTURE_AUTORELEASING = YES;
				CLANG_WARN_BOOL_CONVERSION = YES;
				CLANG_WARN_COMMA = YES;
				CLANG_WARN_CONSTANT_CONVERSION = YES;
				CLANG_WARN_DEPRECATED_OBJC_IMPLEMENTATIONS = YES;
				CLANG_WARN_DIRECT_OBJC_ISA_USAGE = YES_ERROR;
				CLANG_WARN_DOCUMENTATION_COMMENTS = YES;
				CLANG_WARN_EMPTY_BODY = YES;
				CLANG_WARN_ENUM_CONVERSION = YES;
				CLANG_WARN_INFINITE_RECURSION = YES;
				CLANG_WARN_INT_CONVERSION = YES;
				CLANG_WARN_NON_LITERAL_NULL_CONVERSION = YES;
				CLANG_WARN_OBJC_IMPLICIT_RETAIN_SELF = YES;
				CLANG_WARN_OBJC_LITERAL_CONVERSION = YES;
				CLANG_WARN_OBJC_ROOT_CLASS = YES_ERROR;
				CLANG_WARN_QUOTED_INCLUDE_IN_FRAMEWORK_HEADER = YES;
				CLANG_WARN_RANGE_LOOP_ANALYSIS = YES;
				CLANG_WARN_STRICT_PROTOTYPES = YES;
				CLANG_WARN_SUSPICIOUS_MOVE = YES;
				CLANG_WARN_UNGUARDED_AVAILABILITY = YES_AGGRESSIVE;
				CLANG_WARN_UNREACHABLE_CODE = YES;
				CLANG_WARN__DUPLICATE_METHOD_MATCH = YES;
				COPY_PHASE_STRIP = NO;
				DEBUG_INFORMATION_FORMAT = dwarf;
				ENABLE_STRICT_OBJC_MSGSEND = YES;
				ENABLE_TESTABILITY = YES;
				GCC_C_LANGUAGE_STANDARD = gnu11;
				GCC_DYNAMIC_NO_PIC = NO;
				GCC_NO_COMMON_BLOCKS = YES;
				GCC_OPTIMIZATION_LEVEL = 0;
				GCC_PREPROCESSOR_DEFINITIONS = (
					"DEBUG=1",
					"$(inherited)",
				);
				GCC_WARN_64_TO_32_BIT_CONVERSION = YES;
				GCC_WARN_ABOUT_RETURN_TYPE = YES_ERROR;
				GCC_WARN_UNDECLARED_SELECTOR = YES;
				GCC_WARN_UNINITIALIZED_AUTOS = YES_AGGRESSIVE;
				GCC_WARN_UNUSED_FUNCTION = YES;
				GCC_WARN_UNUSED_VARIABLE = YES;
				IPHONEOS_DEPLOYMENT_TARGET = 16.4;
				MTL_ENABLE_DEBUG_INFO = INCLUDE_SOURCE;
				MTL_FAST_MATH = YES;
				ONLY_ACTIVE_ARCH = YES;
				SDKROOT = iphoneos;
				SWIFT_ACTIVE_COMPILATION_CONDITIONS = DEBUG;
				SWIFT_OPTIMIZATION_LEVEL = "-Onone";
			};
			name = Debug;
		};
		F6EFBACB2A568F1C00FDE642 /* Release */ = {
			isa = XCBuildConfiguration;
			buildSettings = {
				ALWAYS_SEARCH_USER_PATHS = NO;
				CLANG_ANALYZER_NONNULL = YES;
				CLANG_ANALYZER_NUMBER_OBJECT_CONVERSION = YES_AGGRESSIVE;
				CLANG_CXX_LANGUAGE_STANDARD = "gnu++20";
				CLANG_ENABLE_MODULES = YES;
				CLANG_ENABLE_OBJC_ARC = YES;
				CLANG_ENABLE_OBJC_WEAK = YES;
				CLANG_WARN_BLOCK_CAPTURE_AUTORELEASING = YES;
				CLANG_WARN_BOOL_CONVERSION = YES;
				CLANG_WARN_COMMA = YES;
				CLANG_WARN_CONSTANT_CONVERSION = YES;
				CLANG_WARN_DEPRECATED_OBJC_IMPLEMENTATIONS = YES;
				CLANG_WARN_DIRECT_OBJC_ISA_USAGE = YES_ERROR;
				CLANG_WARN_DOCUMENTATION_COMMENTS = YES;
				CLANG_WARN_EMPTY_BODY = YES;
				CLANG_WARN_ENUM_CONVERSION = YES;
				CLANG_WARN_INFINITE_RECURSION = YES;
				CLANG_WARN_INT_CONVERSION = YES;
				CLANG_WARN_NON_LITERAL_NULL_CONVERSION = YES;
				CLANG_WARN_OBJC_IMPLICIT_RETAIN_SELF = YES;
				CLANG_WARN_OBJC_LITERAL_CONVERSION = YES;
				CLANG_WARN_OBJC_ROOT_CLASS = YES_ERROR;
				CLANG_WARN_QUOTED_INCLUDE_IN_FRAMEWORK_HEADER = YES;
				CLANG_WARN_RANGE_LOOP_ANALYSIS = YES;
				CLANG_WARN_STRICT_PROTOTYPES = YES;
				CLANG_WARN_SUSPICIOUS_MOVE = YES;
				CLANG_WARN_UNGUARDED_AVAILABILITY = YES_AGGRESSIVE;
				CLANG_WARN_UNREACHABLE_CODE = YES;
				CLANG_WARN__DUPLICATE_METHOD_MATCH = YES;
				COPY_PHASE_STRIP = NO;
				DEBUG_INFORMATION_FORMAT = "dwarf-with-dsym";
				ENABLE_NS_ASSERTIONS = NO;
				ENABLE_STRICT_OBJC_MSGSEND = YES;
				GCC_C_LANGUAGE_STANDARD = gnu11;
				GCC_NO_COMMON_BLOCKS = YES;
				GCC_WARN_64_TO_32_BIT_CONVERSION = YES;
				GCC_WARN_ABOUT_RETURN_TYPE = YES_ERROR;
				GCC_WARN_UNDECLARED_SELECTOR = YES;
				GCC_WARN_UNINITIALIZED_AUTOS = YES_AGGRESSIVE;
				GCC_WARN_UNUSED_FUNCTION = YES;
				GCC_WARN_UNUSED_VARIABLE = YES;
				IPHONEOS_DEPLOYMENT_TARGET = 16.4;
				MTL_ENABLE_DEBUG_INFO = NO;
				MTL_FAST_MATH = YES;
				SDKROOT = iphoneos;
				SWIFT_COMPILATION_MODE = wholemodule;
				SWIFT_OPTIMIZATION_LEVEL = "-O";
				VALIDATE_PRODUCT = YES;
			};
			name = Release;
		};
		F6EFBACD2A568F1C00FDE642 /* Debug */ = {
			isa = XCBuildConfiguration;
			buildSettings = {
				ASSETCATALOG_COMPILER_APPICON_NAME = AppIcon;
				ASSETCATALOG_COMPILER_GLOBAL_ACCENT_COLOR_NAME = AccentColor;
				CODE_SIGN_STYLE = Automatic;
				CURRENT_PROJECT_VERSION = 1;
				DEVELOPMENT_TEAM = 6RJC8T2X94;
				GENERATE_INFOPLIST_FILE = YES;
				INFOPLIST_FILE = youngsUikit/Info.plist;
				INFOPLIST_KEY_UIApplicationSupportsIndirectInputEvents = YES;
				INFOPLIST_KEY_UILaunchStoryboardName = LaunchScreen;
				INFOPLIST_KEY_UIMainStoryboardFile = Main;
				INFOPLIST_KEY_UISupportedInterfaceOrientations_iPad = "UIInterfaceOrientationPortrait UIInterfaceOrientationPortraitUpsideDown UIInterfaceOrientationLandscapeLeft UIInterfaceOrientationLandscapeRight";
				INFOPLIST_KEY_UISupportedInterfaceOrientations_iPhone = "UIInterfaceOrientationPortrait UIInterfaceOrientationLandscapeLeft UIInterfaceOrientationLandscapeRight";
				LD_RUNPATH_SEARCH_PATHS = (
					"$(inherited)",
					"@executable_path/Frameworks",
				);
				MARKETING_VERSION = 1.0;
				PRODUCT_BUNDLE_IDENTIFIER = DonsNote.youngsUikit;
				PRODUCT_NAME = "$(TARGET_NAME)";
				SWIFT_EMIT_LOC_STRINGS = YES;
				SWIFT_VERSION = 5.0;
				TARGETED_DEVICE_FAMILY = "1,2";
			};
			name = Debug;
		};
		F6EFBACE2A568F1C00FDE642 /* Release */ = {
			isa = XCBuildConfiguration;
			buildSettings = {
				ASSETCATALOG_COMPILER_APPICON_NAME = AppIcon;
				ASSETCATALOG_COMPILER_GLOBAL_ACCENT_COLOR_NAME = AccentColor;
				CODE_SIGN_STYLE = Automatic;
				CURRENT_PROJECT_VERSION = 1;
				DEVELOPMENT_TEAM = 6RJC8T2X94;
				GENERATE_INFOPLIST_FILE = YES;
				INFOPLIST_FILE = youngsUikit/Info.plist;
				INFOPLIST_KEY_UIApplicationSupportsIndirectInputEvents = YES;
				INFOPLIST_KEY_UILaunchStoryboardName = LaunchScreen;
				INFOPLIST_KEY_UIMainStoryboardFile = Main;
				INFOPLIST_KEY_UISupportedInterfaceOrientations_iPad = "UIInterfaceOrientationPortrait UIInterfaceOrientationPortraitUpsideDown UIInterfaceOrientationLandscapeLeft UIInterfaceOrientationLandscapeRight";
				INFOPLIST_KEY_UISupportedInterfaceOrientations_iPhone = "UIInterfaceOrientationPortrait UIInterfaceOrientationLandscapeLeft UIInterfaceOrientationLandscapeRight";
				LD_RUNPATH_SEARCH_PATHS = (
					"$(inherited)",
					"@executable_path/Frameworks",
				);
				MARKETING_VERSION = 1.0;
				PRODUCT_BUNDLE_IDENTIFIER = DonsNote.youngsUikit;
				PRODUCT_NAME = "$(TARGET_NAME)";
				SWIFT_EMIT_LOC_STRINGS = YES;
				SWIFT_VERSION = 5.0;
				TARGETED_DEVICE_FAMILY = "1,2";
			};
			name = Release;
		};
		F6EFBAD02A568F1C00FDE642 /* Debug */ = {
			isa = XCBuildConfiguration;
			buildSettings = {
				ALWAYS_EMBED_SWIFT_STANDARD_LIBRARIES = YES;
				BUNDLE_LOADER = "$(TEST_HOST)";
				CODE_SIGN_STYLE = Automatic;
				CURRENT_PROJECT_VERSION = 1;
				DEVELOPMENT_TEAM = 6RJC8T2X94;
				GENERATE_INFOPLIST_FILE = YES;
				IPHONEOS_DEPLOYMENT_TARGET = 16.4;
				MARKETING_VERSION = 1.0;
				PRODUCT_BUNDLE_IDENTIFIER = DonsNote.youngsUikitTests;
				PRODUCT_NAME = "$(TARGET_NAME)";
				SWIFT_EMIT_LOC_STRINGS = NO;
				SWIFT_VERSION = 5.0;
				TARGETED_DEVICE_FAMILY = "1,2";
				TEST_HOST = "$(BUILT_PRODUCTS_DIR)/youngsUikit.app/$(BUNDLE_EXECUTABLE_FOLDER_PATH)/youngsUikit";
			};
			name = Debug;
		};
		F6EFBAD12A568F1C00FDE642 /* Release */ = {
			isa = XCBuildConfiguration;
			buildSettings = {
				ALWAYS_EMBED_SWIFT_STANDARD_LIBRARIES = YES;
				BUNDLE_LOADER = "$(TEST_HOST)";
				CODE_SIGN_STYLE = Automatic;
				CURRENT_PROJECT_VERSION = 1;
				DEVELOPMENT_TEAM = 6RJC8T2X94;
				GENERATE_INFOPLIST_FILE = YES;
				IPHONEOS_DEPLOYMENT_TARGET = 16.4;
				MARKETING_VERSION = 1.0;
				PRODUCT_BUNDLE_IDENTIFIER = DonsNote.youngsUikitTests;
				PRODUCT_NAME = "$(TARGET_NAME)";
				SWIFT_EMIT_LOC_STRINGS = NO;
				SWIFT_VERSION = 5.0;
				TARGETED_DEVICE_FAMILY = "1,2";
				TEST_HOST = "$(BUILT_PRODUCTS_DIR)/youngsUikit.app/$(BUNDLE_EXECUTABLE_FOLDER_PATH)/youngsUikit";
			};
			name = Release;
		};
		F6EFBAD32A568F1C00FDE642 /* Debug */ = {
			isa = XCBuildConfiguration;
			buildSettings = {
				ALWAYS_EMBED_SWIFT_STANDARD_LIBRARIES = YES;
				CODE_SIGN_STYLE = Automatic;
				CURRENT_PROJECT_VERSION = 1;
				DEVELOPMENT_TEAM = 6RJC8T2X94;
				GENERATE_INFOPLIST_FILE = YES;
				MARKETING_VERSION = 1.0;
				PRODUCT_BUNDLE_IDENTIFIER = DonsNote.youngsUikitUITests;
				PRODUCT_NAME = "$(TARGET_NAME)";
				SWIFT_EMIT_LOC_STRINGS = NO;
				SWIFT_VERSION = 5.0;
				TARGETED_DEVICE_FAMILY = "1,2";
				TEST_TARGET_NAME = youngsUikit;
			};
			name = Debug;
		};
		F6EFBAD42A568F1C00FDE642 /* Release */ = {
			isa = XCBuildConfiguration;
			buildSettings = {
				ALWAYS_EMBED_SWIFT_STANDARD_LIBRARIES = YES;
				CODE_SIGN_STYLE = Automatic;
				CURRENT_PROJECT_VERSION = 1;
				DEVELOPMENT_TEAM = 6RJC8T2X94;
				GENERATE_INFOPLIST_FILE = YES;
				MARKETING_VERSION = 1.0;
				PRODUCT_BUNDLE_IDENTIFIER = DonsNote.youngsUikitUITests;
				PRODUCT_NAME = "$(TARGET_NAME)";
				SWIFT_EMIT_LOC_STRINGS = NO;
				SWIFT_VERSION = 5.0;
				TARGETED_DEVICE_FAMILY = "1,2";
				TEST_TARGET_NAME = youngsUikit;
			};
			name = Release;
		};
/* End XCBuildConfiguration section */

/* Begin XCConfigurationList section */
		F6EFBA9D2A568F1B00FDE642 /* Build configuration list for PBXProject "youngsUikit" */ = {
			isa = XCConfigurationList;
			buildConfigurations = (
				F6EFBACA2A568F1C00FDE642 /* Debug */,
				F6EFBACB2A568F1C00FDE642 /* Release */,
			);
			defaultConfigurationIsVisible = 0;
			defaultConfigurationName = Release;
		};
		F6EFBACC2A568F1C00FDE642 /* Build configuration list for PBXNativeTarget "youngsUikit" */ = {
			isa = XCConfigurationList;
			buildConfigurations = (
				F6EFBACD2A568F1C00FDE642 /* Debug */,
				F6EFBACE2A568F1C00FDE642 /* Release */,
			);
			defaultConfigurationIsVisible = 0;
			defaultConfigurationName = Release;
		};
		F6EFBACF2A568F1C00FDE642 /* Build configuration list for PBXNativeTarget "youngsUikitTests" */ = {
			isa = XCConfigurationList;
			buildConfigurations = (
				F6EFBAD02A568F1C00FDE642 /* Debug */,
				F6EFBAD12A568F1C00FDE642 /* Release */,
			);
			defaultConfigurationIsVisible = 0;
			defaultConfigurationName = Release;
		};
		F6EFBAD22A568F1C00FDE642 /* Build configuration list for PBXNativeTarget "youngsUikitUITests" */ = {
			isa = XCConfigurationList;
			buildConfigurations = (
				F6EFBAD32A568F1C00FDE642 /* Debug */,
				F6EFBAD42A568F1C00FDE642 /* Release */,
			);
			defaultConfigurationIsVisible = 0;
			defaultConfigurationName = Release;
		};
/* End XCConfigurationList section */
	};
	rootObject = F6EFBA9A2A568F1B00FDE642 /* Project object */;
}
